
Microsoft Visual Studio Solution File, Format Version 12.00
# Visual Studio 2012
Project("{FAE04EC0-301F-11D3-BF4B-00C04F79EFBC}") = "Kornislav", "Kornislav\Kornislav.csproj", "{0B29178C-80C5-40EC-8EEB-99778FE50710}"
EndProject
Global
	GlobalSection(SolutionConfigurationPlatforms) = preSolution
		Debug|x86 = Debug|x86
		Release|x86 = Release|x86
	EndGlobalSection
	GlobalSection(ProjectConfigurationPlatforms) = postSolution
		{0B29178C-80C5-40EC-8EEB-99778FE50710}.Debug|x86.ActiveCfg = Debug|x86
		{0B29178C-80C5-40EC-8EEB-99778FE50710}.Debug|x86.Build.0 = Debug|x86
		{0B29178C-80C5-40EC-8EEB-99778FE50710}.Release|x86.ActiveCfg = Release|x86
		{0B29178C-80C5-40EC-8EEB-99778FE50710}.Release|x86.Build.0 = Release|x86
	EndGlobalSection
EndGlobal
